<?xml version="1.0" encoding="utf-8"?>
<Project ToolsVersion="4.0" xmlns="http://schemas.microsoft.com/developer/msbuild/2003">
  <ItemGroup>
    <ClCompile Include="lib\glm\detail\glm.cpp" />
    <ClCompile Include="lib\glm\glm.cppm" />
    <ClCompile Include="main.cpp" />
    <ClCompile Include="lib\glad.c" />
    <ClCompile Include="lib\imgui\imgui.cpp" />
    <ClCompile Include="lib\imgui\imgui_draw.cpp" />
    <ClCompile Include="lib\imgui\imgui_impl_glfw.cpp" />
    <ClCompile Include="lib\imgui\imgui_impl_opengl3.cpp" />
    <ClCompile Include="lib\imgui\imgui_tables.cpp" />
    <ClCompile Include="lib\imgui\imgui_widgets.cpp" />
    <ClCompile Include="Gameobjects\Mesh.cpp" />
    <ClCompile Include="lib\stb_image.cpp" />
    <ClCompile Include="Renderer\camera.cpp" />
    <ClCompile Include="Renderer\light.cpp" />
    <ClCompile Include="Renderer\ShaderProgram.cpp" />
    <ClCompile Include="Renderer\ShadowMap.cpp" />
    <ClCompile Include="Gameobjects\particle.cpp" />
    <ClCompile Include="Gameobjects\RigidBody.hpp" />
    <ClCompile Include="Gameobjects\RigidBody.cpp" />
    <ClCompile Include="lib\bullet\clew\clew.c" />
    <ClCompile Include="Gameobjects\scene.cpp" />
    <ClCompile Include="Gameobjects\Terrain.cpp" />
    <ClCompile Include="Gameobjects\DebugDraw.hpp" />
  </ItemGroup>
  <ItemGroup>
    <ClInclude Include="Gameobjects\GameObject.hpp" />
    <ClInclude Include="Gameobjects\scene.hpp" />
    <ClInclude Include="lib\assimp\aabb.h" />
    <ClInclude Include="lib\assimp\ai_assert.h" />
    <ClInclude Include="lib\assimp\anim.h" />
    <ClInclude Include="lib\assimp\AssertHandler.h" />
    <ClInclude Include="lib\assimp\Base64.hpp" />
    <ClInclude Include="lib\assimp\BaseImporter.h" />
    <ClInclude Include="lib\assimp\Bitmap.h" />
    <ClInclude Include="lib\assimp\BlobIOSystem.h" />
    <ClInclude Include="lib\assimp\ByteSwapper.h" />
    <ClInclude Include="lib\assimp\camera.h" />
    <ClInclude Include="lib\assimp\cexport.h" />
    <ClInclude Include="lib\assimp\cfileio.h" />
    <ClInclude Include="lib\assimp\cimport.h" />
    <ClInclude Include="lib\assimp\ColladaMetaData.h" />
    <ClInclude Include="lib\assimp\color4.h" />
    <ClInclude Include="lib\assimp\commonMetaData.h" />
    <ClInclude Include="lib\assimp\Compiler\poppack1.h" />
    <ClInclude Include="lib\assimp\Compiler\pstdint.h" />
    <ClInclude Include="lib\assimp\Compiler\pushpack1.h" />
    <ClInclude Include="lib\assimp\config.h" />
    <ClInclude Include="lib\assimp\CreateAnimMesh.h" />
    <ClInclude Include="lib\assimp\DefaultIOStream.h" />
    <ClInclude Include="lib\assimp\DefaultIOSystem.h" />
    <ClInclude Include="lib\assimp\DefaultLogger.hpp" />
    <ClInclude Include="lib\assimp\defs.h" />
    <ClInclude Include="lib\assimp\Exceptional.h" />
    <ClInclude Include="lib\assimp\Exporter.hpp" />
    <ClInclude Include="lib\assimp\fast_atof.h" />
    <ClInclude Include="lib\assimp\GenericProperty.h" />
    <ClInclude Include="lib\assimp\GltfMaterial.h" />
    <ClInclude Include="lib\assimp\Hash.h" />
    <ClInclude Include="lib\assimp\Importer.hpp" />
    <ClInclude Include="lib\assimp\importerdesc.h" />
    <ClInclude Include="lib\assimp\IOStream.hpp" />
    <ClInclude Include="lib\assimp\IOStreamBuffer.h" />
    <ClInclude Include="lib\assimp\IOSystem.hpp" />
    <ClInclude Include="lib\assimp\light.h" />
    <ClInclude Include="lib\assimp\LineSplitter.h" />
    <ClInclude Include="lib\assimp\LogAux.h" />
    <ClInclude Include="lib\assimp\Logger.hpp" />
    <ClInclude Include="lib\assimp\LogStream.hpp" />
    <ClInclude Include="lib\assimp\material.h" />
    <ClInclude Include="lib\assimp\MathFunctions.h" />
    <ClInclude Include="lib\assimp\matrix3x3.h" />
    <ClInclude Include="lib\assimp\matrix4x4.h" />
    <ClInclude Include="lib\assimp\MemoryIOWrapper.h" />
    <ClInclude Include="lib\assimp\mesh.h" />
    <ClInclude Include="lib\assimp\metadata.h" />
    <ClInclude Include="lib\assimp\NullLogger.hpp" />
    <ClInclude Include="lib\assimp\ObjMaterial.h" />
    <ClInclude Include="lib\assimp\ParsingUtils.h" />
    <ClInclude Include="lib\assimp\pbrmaterial.h" />
    <ClInclude Include="lib\assimp\port\AndroidJNI\AndroidJNIIOSystem.h" />
    <ClInclude Include="lib\assimp\port\AndroidJNI\BundledAssetIOSystem.h" />
    <ClInclude Include="lib\assimp\postprocess.h" />
    <ClInclude Include="lib\assimp\Profiler.h" />
    <ClInclude Include="lib\assimp\ProgressHandler.hpp" />
    <ClInclude Include="lib\assimp\qnan.h" />
    <ClInclude Include="lib\assimp\quaternion.h" />
    <ClInclude Include="lib\assimp\RemoveComments.h" />
    <ClInclude Include="lib\assimp\revision.h" />
    <ClInclude Include="lib\assimp\scene.h" />
    <ClInclude Include="lib\assimp\SceneCombiner.h" />
    <ClInclude Include="lib\assimp\SGSpatialSort.h" />
    <ClInclude Include="lib\assimp\SkeletonMeshBuilder.h" />
    <ClInclude Include="lib\assimp\SmallVector.h" />
    <ClInclude Include="lib\assimp\SmoothingGroups.h" />
    <ClInclude Include="lib\assimp\SpatialSort.h" />
    <ClInclude Include="lib\assimp\StandardShapes.h" />
    <ClInclude Include="lib\assimp\StreamReader.h" />
    <ClInclude Include="lib\assimp\StreamWriter.h" />
    <ClInclude Include="lib\assimp\StringComparison.h" />
    <ClInclude Include="lib\assimp\StringUtils.h" />
    <ClInclude Include="lib\assimp\Subdivision.h" />
    <ClInclude Include="lib\assimp\texture.h" />
    <ClInclude Include="lib\assimp\TinyFormatter.h" />
    <ClInclude Include="lib\assimp\types.h" />
    <ClInclude Include="lib\assimp\vector2.h" />
    <ClInclude Include="lib\assimp\vector3.h" />
    <ClInclude Include="lib\assimp\version.h" />
    <ClInclude Include="lib\assimp\Vertex.h" />
    <ClInclude Include="lib\assimp\XmlParser.h" />
    <ClInclude Include="lib\assimp\XMLTools.h" />
    <ClInclude Include="lib\assimp\ZipArchiveIOSystem.h" />
    <ClInclude Include="lib\GLFW\include\GLFW\glfw3.h" />
    <ClInclude Include="lib\GLFW\include\GLFW\glfw3native.h" />
    <ClInclude Include="lib\glm\common.hpp" />
    <ClInclude Include="lib\glm\detail\compute_common.hpp" />
    <ClInclude Include="lib\glm\detail\compute_vector_decl.hpp" />
    <ClInclude Include="lib\glm\detail\compute_vector_relational.hpp" />
    <ClInclude Include="lib\glm\detail\qualifier.hpp" />
    <ClInclude Include="lib\glm\detail\setup.hpp" />
    <ClInclude Include="lib\glm\detail\type_float.hpp" />
    <ClInclude Include="lib\glm\detail\type_half.hpp" />
    <ClInclude Include="lib\glm\detail\type_mat2x2.hpp" />
    <ClInclude Include="lib\glm\detail\type_mat2x3.hpp" />
    <ClInclude Include="lib\glm\detail\type_mat2x4.hpp" />
    <ClInclude Include="lib\glm\detail\type_mat3x2.hpp" />
    <ClInclude Include="lib\glm\detail\type_mat3x3.hpp" />
    <ClInclude Include="lib\glm\detail\type_mat3x4.hpp" />
    <ClInclude Include="lib\glm\detail\type_mat4x2.hpp" />
    <ClInclude Include="lib\glm\detail\type_mat4x3.hpp" />
    <ClInclude Include="lib\glm\detail\type_mat4x4.hpp" />
    <ClInclude Include="lib\glm\detail\type_quat.hpp" />
    <ClInclude Include="lib\glm\detail\type_vec1.hpp" />
    <ClInclude Include="lib\glm\detail\type_vec2.hpp" />
    <ClInclude Include="lib\glm\detail\type_vec3.hpp" />
    <ClInclude Include="lib\glm\detail\type_vec4.hpp" />
    <ClInclude Include="lib\glm\detail\_features.hpp" />
    <ClInclude Include="lib\glm\detail\_fixes.hpp" />
    <ClInclude Include="lib\glm\detail\_noise.hpp" />
    <ClInclude Include="lib\glm\detail\_swizzle.hpp" />
    <ClInclude Include="lib\glm\detail\_swizzle_func.hpp" />
    <ClInclude Include="lib\glm\detail\_vectorize.hpp" />
    <ClInclude Include="lib\glm\exponential.hpp" />
    <ClInclude Include="lib\glm\ext.hpp" />
    <ClInclude Include="lib\glm\ext\matrix_clip_space.hpp" />
    <ClInclude Include="lib\glm\ext\matrix_common.hpp" />
    <ClInclude Include="lib\glm\ext\matrix_double2x2.hpp" />
    <ClInclude Include="lib\glm\ext\matrix_double2x2_precision.hpp" />
    <ClInclude Include="lib\glm\ext\matrix_double2x3.hpp" />
    <ClInclude Include="lib\glm\ext\matrix_double2x3_precision.hpp" />
    <ClInclude Include="lib\glm\ext\matrix_double2x4.hpp" />
    <ClInclude Include="lib\glm\ext\matrix_double2x4_precision.hpp" />
    <ClInclude Include="lib\glm\ext\matrix_double3x2.hpp" />
    <ClInclude Include="lib\glm\ext\matrix_double3x2_precision.hpp" />
    <ClInclude Include="lib\glm\ext\matrix_double3x3.hpp" />
    <ClInclude Include="lib\glm\ext\matrix_double3x3_precision.hpp" />
    <ClInclude Include="lib\glm\ext\matrix_double3x4.hpp" />
    <ClInclude Include="lib\glm\ext\matrix_double3x4_precision.hpp" />
    <ClInclude Include="lib\glm\ext\matrix_double4x2.hpp" />
    <ClInclude Include="lib\glm\ext\matrix_double4x2_precision.hpp" />
    <ClInclude Include="lib\glm\ext\matrix_double4x3.hpp" />
    <ClInclude Include="lib\glm\ext\matrix_double4x3_precision.hpp" />
    <ClInclude Include="lib\glm\ext\matrix_double4x4.hpp" />
    <ClInclude Include="lib\glm\ext\matrix_double4x4_precision.hpp" />
    <ClInclude Include="lib\glm\ext\matrix_float2x2.hpp" />
    <ClInclude Include="lib\glm\ext\matrix_float2x2_precision.hpp" />
    <ClInclude Include="lib\glm\ext\matrix_float2x3.hpp" />
    <ClInclude Include="lib\glm\ext\matrix_float2x3_precision.hpp" />
    <ClInclude Include="lib\glm\ext\matrix_float2x4.hpp" />
    <ClInclude Include="lib\glm\ext\matrix_float2x4_precision.hpp" />
    <ClInclude Include="lib\glm\ext\matrix_float3x2.hpp" />
    <ClInclude Include="lib\glm\ext\matrix_float3x2_precision.hpp" />
    <ClInclude Include="lib\glm\ext\matrix_float3x3.hpp" />
    <ClInclude Include="lib\glm\ext\matrix_float3x3_precision.hpp" />
    <ClInclude Include="lib\glm\ext\matrix_float3x4.hpp" />
    <ClInclude Include="lib\glm\ext\matrix_float3x4_precision.hpp" />
    <ClInclude Include="lib\glm\ext\matrix_float4x2.hpp" />
    <ClInclude Include="lib\glm\ext\matrix_float4x2_precision.hpp" />
    <ClInclude Include="lib\glm\ext\matrix_float4x3.hpp" />
    <ClInclude Include="lib\glm\ext\matrix_float4x3_precision.hpp" />
    <ClInclude Include="lib\glm\ext\matrix_float4x4.hpp" />
    <ClInclude Include="lib\glm\ext\matrix_float4x4_precision.hpp" />
    <ClInclude Include="lib\glm\ext\matrix_int2x2.hpp" />
    <ClInclude Include="lib\glm\ext\matrix_int2x2_sized.hpp" />
    <ClInclude Include="lib\glm\ext\matrix_int2x3.hpp" />
    <ClInclude Include="lib\glm\ext\matrix_int2x3_sized.hpp" />
    <ClInclude Include="lib\glm\ext\matrix_int2x4.hpp" />
    <ClInclude Include="lib\glm\ext\matrix_int2x4_sized.hpp" />
    <ClInclude Include="lib\glm\ext\matrix_int3x2.hpp" />
    <ClInclude Include="lib\glm\ext\matrix_int3x2_sized.hpp" />
    <ClInclude Include="lib\glm\ext\matrix_int3x3.hpp" />
    <ClInclude Include="lib\glm\ext\matrix_int3x3_sized.hpp" />
    <ClInclude Include="lib\glm\ext\matrix_int3x4.hpp" />
    <ClInclude Include="lib\glm\ext\matrix_int3x4_sized.hpp" />
    <ClInclude Include="lib\glm\ext\matrix_int4x2.hpp" />
    <ClInclude Include="lib\glm\ext\matrix_int4x2_sized.hpp" />
    <ClInclude Include="lib\glm\ext\matrix_int4x3.hpp" />
    <ClInclude Include="lib\glm\ext\matrix_int4x3_sized.hpp" />
    <ClInclude Include="lib\glm\ext\matrix_int4x4.hpp" />
    <ClInclude Include="lib\glm\ext\matrix_int4x4_sized.hpp" />
    <ClInclude Include="lib\glm\ext\matrix_integer.hpp" />
    <ClInclude Include="lib\glm\ext\matrix_projection.hpp" />
    <ClInclude Include="lib\glm\ext\matrix_relational.hpp" />
    <ClInclude Include="lib\glm\ext\matrix_transform.hpp" />
    <ClInclude Include="lib\glm\ext\matrix_uint2x2.hpp" />
    <ClInclude Include="lib\glm\ext\matrix_uint2x2_sized.hpp" />
    <ClInclude Include="lib\glm\ext\matrix_uint2x3.hpp" />
    <ClInclude Include="lib\glm\ext\matrix_uint2x3_sized.hpp" />
    <ClInclude Include="lib\glm\ext\matrix_uint2x4.hpp" />
    <ClInclude Include="lib\glm\ext\matrix_uint2x4_sized.hpp" />
    <ClInclude Include="lib\glm\ext\matrix_uint3x2.hpp" />
    <ClInclude Include="lib\glm\ext\matrix_uint3x2_sized.hpp" />
    <ClInclude Include="lib\glm\ext\matrix_uint3x3.hpp" />
    <ClInclude Include="lib\glm\ext\matrix_uint3x3_sized.hpp" />
    <ClInclude Include="lib\glm\ext\matrix_uint3x4.hpp" />
    <ClInclude Include="lib\glm\ext\matrix_uint3x4_sized.hpp" />
    <ClInclude Include="lib\glm\ext\matrix_uint4x2.hpp" />
    <ClInclude Include="lib\glm\ext\matrix_uint4x2_sized.hpp" />
    <ClInclude Include="lib\glm\ext\matrix_uint4x3.hpp" />
    <ClInclude Include="lib\glm\ext\matrix_uint4x3_sized.hpp" />
    <ClInclude Include="lib\glm\ext\matrix_uint4x4.hpp" />
    <ClInclude Include="lib\glm\ext\matrix_uint4x4_sized.hpp" />
    <ClInclude Include="lib\glm\ext\quaternion_common.hpp" />
    <ClInclude Include="lib\glm\ext\quaternion_double.hpp" />
    <ClInclude Include="lib\glm\ext\quaternion_double_precision.hpp" />
    <ClInclude Include="lib\glm\ext\quaternion_exponential.hpp" />
    <ClInclude Include="lib\glm\ext\quaternion_float.hpp" />
    <ClInclude Include="lib\glm\ext\quaternion_float_precision.hpp" />
    <ClInclude Include="lib\glm\ext\quaternion_geometric.hpp" />
    <ClInclude Include="lib\glm\ext\quaternion_relational.hpp" />
    <ClInclude Include="lib\glm\ext\quaternion_transform.hpp" />
    <ClInclude Include="lib\glm\ext\quaternion_trigonometric.hpp" />
    <ClInclude Include="lib\glm\ext\scalar_common.hpp" />
    <ClInclude Include="lib\glm\ext\scalar_constants.hpp" />
    <ClInclude Include="lib\glm\ext\scalar_integer.hpp" />
    <ClInclude Include="lib\glm\ext\scalar_int_sized.hpp" />
    <ClInclude Include="lib\glm\ext\scalar_packing.hpp" />
    <ClInclude Include="lib\glm\ext\scalar_reciprocal.hpp" />
    <ClInclude Include="lib\glm\ext\scalar_relational.hpp" />
    <ClInclude Include="lib\glm\ext\scalar_uint_sized.hpp" />
    <ClInclude Include="lib\glm\ext\scalar_ulp.hpp" />
    <ClInclude Include="lib\glm\ext\vector_bool1.hpp" />
    <ClInclude Include="lib\glm\ext\vector_bool1_precision.hpp" />
    <ClInclude Include="lib\glm\ext\vector_bool2.hpp" />
    <ClInclude Include="lib\glm\ext\vector_bool2_precision.hpp" />
    <ClInclude Include="lib\glm\ext\vector_bool3.hpp" />
    <ClInclude Include="lib\glm\ext\vector_bool3_precision.hpp" />
    <ClInclude Include="lib\glm\ext\vector_bool4.hpp" />
    <ClInclude Include="lib\glm\ext\vector_bool4_precision.hpp" />
    <ClInclude Include="lib\glm\ext\vector_common.hpp" />
    <ClInclude Include="lib\glm\ext\vector_double1.hpp" />
    <ClInclude Include="lib\glm\ext\vector_double1_precision.hpp" />
    <ClInclude Include="lib\glm\ext\vector_double2.hpp" />
    <ClInclude Include="lib\glm\ext\vector_double2_precision.hpp" />
    <ClInclude Include="lib\glm\ext\vector_double3.hpp" />
    <ClInclude Include="lib\glm\ext\vector_double3_precision.hpp" />
    <ClInclude Include="lib\glm\ext\vector_double4.hpp" />
    <ClInclude Include="lib\glm\ext\vector_double4_precision.hpp" />
    <ClInclude Include="lib\glm\ext\vector_float1.hpp" />
    <ClInclude Include="lib\glm\ext\vector_float1_precision.hpp" />
    <ClInclude Include="lib\glm\ext\vector_float2.hpp" />
    <ClInclude Include="lib\glm\ext\vector_float2_precision.hpp" />
    <ClInclude Include="lib\glm\ext\vector_float3.hpp" />
    <ClInclude Include="lib\glm\ext\vector_float3_precision.hpp" />
    <ClInclude Include="lib\glm\ext\vector_float4.hpp" />
    <ClInclude Include="lib\glm\ext\vector_float4_precision.hpp" />
    <ClInclude Include="lib\glm\ext\vector_int1.hpp" />
    <ClInclude Include="lib\glm\ext\vector_int1_sized.hpp" />
    <ClInclude Include="lib\glm\ext\vector_int2.hpp" />
    <ClInclude Include="lib\glm\ext\vector_int2_sized.hpp" />
    <ClInclude Include="lib\glm\ext\vector_int3.hpp" />
    <ClInclude Include="lib\glm\ext\vector_int3_sized.hpp" />
    <ClInclude Include="lib\glm\ext\vector_int4.hpp" />
    <ClInclude Include="lib\glm\ext\vector_int4_sized.hpp" />
    <ClInclude Include="lib\glm\ext\vector_integer.hpp" />
    <ClInclude Include="lib\glm\ext\vector_packing.hpp" />
    <ClInclude Include="lib\glm\ext\vector_reciprocal.hpp" />
    <ClInclude Include="lib\glm\ext\vector_relational.hpp" />
    <ClInclude Include="lib\glm\ext\vector_uint1.hpp" />
    <ClInclude Include="lib\glm\ext\vector_uint1_sized.hpp" />
    <ClInclude Include="lib\glm\ext\vector_uint2.hpp" />
    <ClInclude Include="lib\glm\ext\vector_uint2_sized.hpp" />
    <ClInclude Include="lib\glm\ext\vector_uint3.hpp" />
    <ClInclude Include="lib\glm\ext\vector_uint3_sized.hpp" />
    <ClInclude Include="lib\glm\ext\vector_uint4.hpp" />
    <ClInclude Include="lib\glm\ext\vector_uint4_sized.hpp" />
    <ClInclude Include="lib\glm\ext\vector_ulp.hpp" />
    <ClInclude Include="lib\glm\ext\_matrix_vectorize.hpp" />
    <ClInclude Include="lib\glm\fwd.hpp" />
    <ClInclude Include="lib\glm\geometric.hpp" />
    <ClInclude Include="lib\glm\glm.hpp" />
    <ClInclude Include="lib\glm\gtc\bitfield.hpp" />
    <ClInclude Include="lib\glm\gtc\color_space.hpp" />
    <ClInclude Include="lib\glm\gtc\constants.hpp" />
    <ClInclude Include="lib\glm\gtc\epsilon.hpp" />
    <ClInclude Include="lib\glm\gtc\integer.hpp" />
    <ClInclude Include="lib\glm\gtc\matrix_access.hpp" />
    <ClInclude Include="lib\glm\gtc\matrix_integer.hpp" />
    <ClInclude Include="lib\glm\gtc\matrix_inverse.hpp" />
    <ClInclude Include="lib\glm\gtc\matrix_transform.hpp" />
    <ClInclude Include="lib\glm\gtc\noise.hpp" />
    <ClInclude Include="lib\glm\gtc\packing.hpp" />
    <ClInclude Include="lib\glm\gtc\quaternion.hpp" />
    <ClInclude Include="lib\glm\gtc\random.hpp" />
    <ClInclude Include="lib\glm\gtc\reciprocal.hpp" />
    <ClInclude Include="lib\glm\gtc\round.hpp" />
    <ClInclude Include="lib\glm\gtc\type_aligned.hpp" />
    <ClInclude Include="lib\glm\gtc\type_precision.hpp" />
    <ClInclude Include="lib\glm\gtc\type_ptr.hpp" />
    <ClInclude Include="lib\glm\gtc\ulp.hpp" />
    <ClInclude Include="lib\glm\gtc\vec1.hpp" />
    <ClInclude Include="lib\glm\gtx\associated_min_max.hpp" />
    <ClInclude Include="lib\glm\gtx\bit.hpp" />
    <ClInclude Include="lib\glm\gtx\closest_point.hpp" />
    <ClInclude Include="lib\glm\gtx\color_encoding.hpp" />
    <ClInclude Include="lib\glm\gtx\color_space.hpp" />
    <ClInclude Include="lib\glm\gtx\color_space_YCoCg.hpp" />
    <ClInclude Include="lib\glm\gtx\common.hpp" />
    <ClInclude Include="lib\glm\gtx\compatibility.hpp" />
    <ClInclude Include="lib\glm\gtx\component_wise.hpp" />
    <ClInclude Include="lib\glm\gtx\dual_quaternion.hpp" />
    <ClInclude Include="lib\glm\gtx\easing.hpp" />
    <ClInclude Include="lib\glm\gtx\euler_angles.hpp" />
    <ClInclude Include="lib\glm\gtx\extend.hpp" />
    <ClInclude Include="lib\glm\gtx\extended_min_max.hpp" />
    <ClInclude Include="lib\glm\gtx\exterior_product.hpp" />
    <ClInclude Include="lib\glm\gtx\fast_exponential.hpp" />
    <ClInclude Include="lib\glm\gtx\fast_square_root.hpp" />
    <ClInclude Include="lib\glm\gtx\fast_trigonometry.hpp" />
    <ClInclude Include="lib\glm\gtx\functions.hpp" />
    <ClInclude Include="lib\glm\gtx\gradient_paint.hpp" />
    <ClInclude Include="lib\glm\gtx\handed_coordinate_space.hpp" />
    <ClInclude Include="lib\glm\gtx\hash.hpp" />
    <ClInclude Include="lib\glm\gtx\integer.hpp" />
    <ClInclude Include="lib\glm\gtx\intersect.hpp" />
    <ClInclude Include="lib\glm\gtx\io.hpp" />
    <ClInclude Include="lib\glm\gtx\log_base.hpp" />
    <ClInclude Include="lib\glm\gtx\matrix_cross_product.hpp" />
    <ClInclude Include="lib\glm\gtx\matrix_decompose.hpp" />
    <ClInclude Include="lib\glm\gtx\matrix_factorisation.hpp" />
    <ClInclude Include="lib\glm\gtx\matrix_interpolation.hpp" />
    <ClInclude Include="lib\glm\gtx\matrix_major_storage.hpp" />
    <ClInclude Include="lib\glm\gtx\matrix_operation.hpp" />
    <ClInclude Include="lib\glm\gtx\matrix_query.hpp" />
    <ClInclude Include="lib\glm\gtx\matrix_transform_2d.hpp" />
    <ClInclude Include="lib\glm\gtx\mixed_product.hpp" />
    <ClInclude Include="lib\glm\gtx\norm.hpp" />
    <ClInclude Include="lib\glm\gtx\normal.hpp" />
    <ClInclude Include="lib\glm\gtx\normalize_dot.hpp" />
    <ClInclude Include="lib\glm\gtx\number_precision.hpp" />
    <ClInclude Include="lib\glm\gtx\optimum_pow.hpp" />
    <ClInclude Include="lib\glm\gtx\orthonormalize.hpp" />
    <ClInclude Include="lib\glm\gtx\pca.hpp" />
    <ClInclude Include="lib\glm\gtx\perpendicular.hpp" />
    <ClInclude Include="lib\glm\gtx\polar_coordinates.hpp" />
    <ClInclude Include="lib\glm\gtx\projection.hpp" />
    <ClInclude Include="lib\glm\gtx\quaternion.hpp" />
    <ClInclude Include="lib\glm\gtx\range.hpp" />
    <ClInclude Include="lib\glm\gtx\raw_data.hpp" />
    <ClInclude Include="lib\glm\gtx\rotate_normalized_axis.hpp" />
    <ClInclude Include="lib\glm\gtx\rotate_vector.hpp" />
    <ClInclude Include="lib\glm\gtx\scalar_multiplication.hpp" />
    <ClInclude Include="lib\glm\gtx\scalar_relational.hpp" />
    <ClInclude Include="lib\glm\gtx\spline.hpp" />
    <ClInclude Include="lib\glm\gtx\std_based_type.hpp" />
    <ClInclude Include="lib\glm\gtx\string_cast.hpp" />
    <ClInclude Include="lib\glm\gtx\texture.hpp" />
    <ClInclude Include="lib\glm\gtx\transform.hpp" />
    <ClInclude Include="lib\glm\gtx\transform2.hpp" />
    <ClInclude Include="lib\glm\gtx\type_aligned.hpp" />
    <ClInclude Include="lib\glm\gtx\type_trait.hpp" />
    <ClInclude Include="lib\glm\gtx\vector_angle.hpp" />
    <ClInclude Include="lib\glm\gtx\vector_query.hpp" />
    <ClInclude Include="lib\glm\gtx\vec_swizzle.hpp" />
    <ClInclude Include="lib\glm\gtx\wrap.hpp" />
    <ClInclude Include="lib\glm\integer.hpp" />
    <ClInclude Include="lib\glm\mat2x2.hpp" />
    <ClInclude Include="lib\glm\mat2x3.hpp" />
    <ClInclude Include="lib\glm\mat2x4.hpp" />
    <ClInclude Include="lib\glm\mat3x2.hpp" />
    <ClInclude Include="lib\glm\mat3x3.hpp" />
    <ClInclude Include="lib\glm\mat3x4.hpp" />
    <ClInclude Include="lib\glm\mat4x2.hpp" />
    <ClInclude Include="lib\glm\mat4x3.hpp" />
    <ClInclude Include="lib\glm\mat4x4.hpp" />
    <ClInclude Include="lib\glm\matrix.hpp" />
    <ClInclude Include="lib\glm\packing.hpp" />
    <ClInclude Include="lib\glm\simd\common.h" />
    <ClInclude Include="lib\glm\simd\exponential.h" />
    <ClInclude Include="lib\glm\simd\geometric.h" />
    <ClInclude Include="lib\glm\simd\integer.h" />
    <ClInclude Include="lib\glm\simd\matrix.h" />
    <ClInclude Include="lib\glm\simd\neon.h" />
    <ClInclude Include="lib\glm\simd\packing.h" />
    <ClInclude Include="lib\glm\simd\platform.h" />
    <ClInclude Include="lib\glm\simd\trigonometric.h" />
    <ClInclude Include="lib\glm\simd\vector_relational.h" />
    <ClInclude Include="lib\glm\trigonometric.hpp" />
    <ClInclude Include="lib\glm\vec2.hpp" />
    <ClInclude Include="lib\glm\vec3.hpp" />
    <ClInclude Include="lib\glm\vec4.hpp" />
    <ClInclude Include="lib\glm\vector_relational.hpp" />
    <ClInclude Include="lib\imgui\imconfig.h" />
    <ClInclude Include="lib\imgui\imgui.h" />
    <ClInclude Include="lib\imgui\imgui_impl_glfw.h" />
    <ClInclude Include="lib\imgui\imgui_impl_opengl3.h" />
    <ClInclude Include="lib\imgui\imgui_impl_opengl3_loader.h" />
    <ClInclude Include="lib\imgui\imgui_internal.h" />
    <ClInclude Include="lib\imgui\imstb_rectpack.h" />
    <ClInclude Include="lib\imgui\imstb_textedit.h" />
    <ClInclude Include="lib\imgui\imstb_truetype.h" />
    <ClInclude Include="Gameobjects\Mesh.hpp" />
    <ClInclude Include="lib\json.hpp" />
    <ClInclude Include="lib\stb_image.h" />
    <ClInclude Include="Renderer\camera.hpp" />
    <ClInclude Include="Renderer\light.hpp" />
    <ClInclude Include="Renderer\ShaderProgram.hpp" />
    <ClInclude Include="Renderer\ShadowMap.hpp" />
    <ClInclude Include="Gameobjects\Texture.hpp" />
    <ClInclude Include="Gameobjects\Vertex.hpp" />
    <ClInclude Include="Gameobjects\sprite.hpp" />
    <ClInclude Include="Gameobjects\particle.hpp" />
    <ClInclude Include="lib\bullet\Bullet3Collision\BroadPhaseCollision\shared\b3Aabb.h" />
    <ClInclude Include="lib\bullet\Bullet3Collision\BroadPhaseCollision\b3BroadphaseCallback.h" />
    <ClInclude Include="lib\bullet\Bullet3Collision\BroadPhaseCollision\b3DynamicBvh.h" />
    <ClInclude Include="lib\bullet\Bullet3Collision\BroadPhaseCollision\b3DynamicBvhBroadphase.h" />
    <ClInclude Include="lib\bullet\Bullet3Collision\BroadPhaseCollision\b3OverlappingPair.h" />
    <ClInclude Include="lib\bullet\Bullet3Collision\BroadPhaseCollision\b3OverlappingPairCache.h" />
    <ClInclude Include="lib\bullet\Bullet3Collision\NarrowPhaseCollision\shared\b3BvhSubtreeInfoData.h" />
    <ClInclude Include="lib\bullet\Bullet3Collision\NarrowPhaseCollision\shared\b3BvhTraversal.h" />
    <ClInclude Include="lib\bullet\Bullet3Collision\NarrowPhaseCollision\shared\b3ClipFaces.h" />
    <ClInclude Include="lib\bullet\Bullet3Collision\NarrowPhaseCollision\shared\b3Collidable.h" />
    <ClInclude Include="lib\bullet\Bullet3Collision\NarrowPhaseCollision\shared\b3Contact4Data.h" />
    <ClInclude Include="lib\bullet\Bullet3Collision\NarrowPhaseCollision\shared\b3ContactConvexConvexSAT.h" />
    <ClInclude Include="lib\bullet\Bullet3Collision\NarrowPhaseCollision\shared\b3ContactSphereSphere.h" />
    <ClInclude Include="lib\bullet\Bullet3Collision\NarrowPhaseCollision\shared\b3ConvexPolyhedronData.h" />
    <ClInclude Include="lib\bullet\Bullet3Collision\NarrowPhaseCollision\shared\b3FindConcaveSatAxis.h" />
    <ClInclude Include="lib\bullet\Bullet3Collision\NarrowPhaseCollision\shared\b3FindSeparatingAxis.h" />
    <ClInclude Include="lib\bullet\Bullet3Collision\NarrowPhaseCollision\shared\b3MprPenetration.h" />
    <ClInclude Include="lib\bullet\Bullet3Collision\NarrowPhaseCollision\shared\b3NewContactReduction.h" />
    <ClInclude Include="lib\bullet\Bullet3Collision\NarrowPhaseCollision\shared\b3QuantizedBvhNodeData.h" />
    <ClInclude Include="lib\bullet\Bullet3Collision\NarrowPhaseCollision\shared\b3ReduceContacts.h" />
    <ClInclude Include="lib\bullet\Bullet3Collision\NarrowPhaseCollision\shared\b3RigidBodyData.h" />
    <ClInclude Include="lib\bullet\Bullet3Collision\NarrowPhaseCollision\shared\b3UpdateAabbs.h" />
    <ClInclude Include="lib\bullet\Bullet3Collision\NarrowPhaseCollision\b3Config.h" />
    <ClInclude Include="lib\bullet\Bullet3Collision\NarrowPhaseCollision\b3Contact4.h" />
    <ClInclude Include="lib\bullet\Bullet3Collision\NarrowPhaseCollision\b3ConvexUtility.h" />
    <ClInclude Include="lib\bullet\Bullet3Collision\NarrowPhaseCollision\b3CpuNarrowPhase.h" />
    <ClInclude Include="lib\bullet\Bullet3Collision\NarrowPhaseCollision\b3RaycastInfo.h" />
    <ClInclude Include="lib\bullet\Bullet3Collision\NarrowPhaseCollision\b3RigidBodyCL.h" />
    <ClInclude Include="lib\bullet\Bullet3Common\shared\b3Float4.h" />
    <ClInclude Include="lib\bullet\Bullet3Common\shared\b3Int2.h" />
    <ClInclude Include="lib\bullet\Bullet3Common\shared\b3Int4.h" />
    <ClInclude Include="lib\bullet\Bullet3Common\shared\b3Mat3x3.h" />
    <ClInclude Include="lib\bullet\Bullet3Common\shared\b3PlatformDefinitions.h" />
    <ClInclude Include="lib\bullet\Bullet3Common\shared\b3Quat.h" />
    <ClInclude Include="lib\bullet\Bullet3Common\b3AlignedAllocator.h" />
    <ClInclude Include="lib\bullet\Bullet3Common\b3AlignedObjectArray.h" />
    <ClInclude Include="lib\bullet\Bullet3Common\b3CommandLineArgs.h" />
    <ClInclude Include="lib\bullet\Bullet3Common\b3FileUtils.h" />
    <ClInclude Include="lib\bullet\Bullet3Common\b3HashMap.h" />
    <ClInclude Include="lib\bullet\Bullet3Common\b3Logging.h" />
    <ClInclude Include="lib\bullet\Bullet3Common\b3Matrix3x3.h" />
    <ClInclude Include="lib\bullet\Bullet3Common\b3MinMax.h" />
    <ClInclude Include="lib\bullet\Bullet3Common\b3PoolAllocator.h" />
    <ClInclude Include="lib\bullet\Bullet3Common\b3QuadWord.h" />
    <ClInclude Include="lib\bullet\Bullet3Common\b3Quaternion.h" />
    <ClInclude Include="lib\bullet\Bullet3Common\b3Random.h" />
    <ClInclude Include="lib\bullet\Bullet3Common\b3ResizablePool.h" />
    <ClInclude Include="lib\bullet\Bullet3Common\b3Scalar.h" />
    <ClInclude Include="lib\bullet\Bullet3Common\b3StackAlloc.h" />
    <ClInclude Include="lib\bullet\Bullet3Common\b3Transform.h" />
    <ClInclude Include="lib\bullet\Bullet3Common\b3TransformUtil.h" />
    <ClInclude Include="lib\bullet\Bullet3Common\b3Vector3.h" />
    <ClInclude Include="lib\bullet\Bullet3Dynamics\ConstraintSolver\b3ContactSolverInfo.h" />
    <ClInclude Include="lib\bullet\Bullet3Dynamics\ConstraintSolver\b3FixedConstraint.h" />
    <ClInclude Include="lib\bullet\Bullet3Dynamics\ConstraintSolver\b3Generic6DofConstraint.h" />
    <ClInclude Include="lib\bullet\Bullet3Dynamics\ConstraintSolver\b3JacobianEntry.h" />
    <ClInclude Include="lib\bullet\Bullet3Dynamics\ConstraintSolver\b3PgsJacobiSolver.h" />
    <ClInclude Include="lib\bullet\Bullet3Dynamics\ConstraintSolver\b3Point2PointConstraint.h" />
    <ClInclude Include="lib\bullet\Bullet3Dynamics\ConstraintSolver\b3SolverBody.h" />
    <ClInclude Include="lib\bullet\Bullet3Dynamics\ConstraintSolver\b3SolverConstraint.h" />
    <ClInclude Include="lib\bullet\Bullet3Dynamics\ConstraintSolver\b3TypedConstraint.h" />
    <ClInclude Include="lib\bullet\Bullet3Dynamics\shared\b3ContactConstraint4.h" />
    <ClInclude Include="lib\bullet\Bullet3Dynamics\shared\b3ConvertConstraint4.h" />
    <ClInclude Include="lib\bullet\Bullet3Dynamics\shared\b3Inertia.h" />
    <ClInclude Include="lib\bullet\Bullet3Dynamics\shared\b3IntegrateTransforms.h" />
    <ClInclude Include="lib\bullet\Bullet3Dynamics\b3CpuRigidBodyPipeline.h" />
    <ClInclude Include="lib\bullet\Bullet3Geometry\b3AabbUtil.h" />
    <ClInclude Include="lib\bullet\Bullet3Geometry\b3ConvexHullComputer.h" />
    <ClInclude Include="lib\bullet\Bullet3Geometry\b3GeometryUtil.h" />
    <ClInclude Include="lib\bullet\Bullet3Geometry\b3GrahamScan2dConvexHull.h" />
    <ClInclude Include="lib\bullet\Bullet3OpenCL\BroadphaseCollision\kernels\gridBroadphaseKernels.h" />
    <ClInclude Include="lib\bullet\Bullet3OpenCL\BroadphaseCollision\kernels\parallelLinearBvhKernels.h" />
    <ClInclude Include="lib\bullet\Bullet3OpenCL\BroadphaseCollision\kernels\sapKernels.h" />
    <ClInclude Include="lib\bullet\Bullet3OpenCL\BroadphaseCollision\b3GpuBroadphaseInterface.h" />
    <ClInclude Include="lib\bullet\Bullet3OpenCL\BroadphaseCollision\b3GpuGridBroadphase.h" />
    <ClInclude Include="lib\bullet\Bullet3OpenCL\BroadphaseCollision\b3GpuParallelLinearBvh.h" />
    <ClInclude Include="lib\bullet\Bullet3OpenCL\BroadphaseCollision\b3GpuParallelLinearBvhBroadphase.h" />
    <ClInclude Include="lib\bullet\Bullet3OpenCL\BroadphaseCollision\b3GpuSapBroadphase.h" />
    <ClInclude Include="lib\bullet\Bullet3OpenCL\BroadphaseCollision\b3SapAabb.h" />
    <ClInclude Include="lib\bullet\Bullet3OpenCL\Initialize\b3OpenCLInclude.h" />
    <ClInclude Include="lib\bullet\Bullet3OpenCL\Initialize\b3OpenCLUtils.h" />
    <ClInclude Include="lib\bullet\Bullet3OpenCL\NarrowphaseCollision\kernels\bvhTraversal.h" />
    <ClInclude Include="lib\bullet\Bullet3OpenCL\NarrowphaseCollision\kernels\mprKernels.h" />
    <ClInclude Include="lib\bullet\Bullet3OpenCL\NarrowphaseCollision\kernels\primitiveContacts.h" />
    <ClInclude Include="lib\bullet\Bullet3OpenCL\NarrowphaseCollision\kernels\satClipHullContacts.h" />
    <ClInclude Include="lib\bullet\Bullet3OpenCL\NarrowphaseCollision\kernels\satConcaveKernels.h" />
    <ClInclude Include="lib\bullet\Bullet3OpenCL\NarrowphaseCollision\kernels\satKernels.h" />
    <ClInclude Include="lib\bullet\Bullet3OpenCL\NarrowphaseCollision\b3BvhInfo.h" />
    <ClInclude Include="lib\bullet\Bullet3OpenCL\NarrowphaseCollision\b3ContactCache.h" />
    <ClInclude Include="lib\bullet\Bullet3OpenCL\NarrowphaseCollision\b3ConvexHullContact.h" />
    <ClInclude Include="lib\bullet\Bullet3OpenCL\NarrowphaseCollision\b3ConvexPolyhedronCL.h" />
    <ClInclude Include="lib\bullet\Bullet3OpenCL\NarrowphaseCollision\b3GjkEpa.h" />
    <ClInclude Include="lib\bullet\Bullet3OpenCL\NarrowphaseCollision\b3OptimizedBvh.h" />
    <ClInclude Include="lib\bullet\Bullet3OpenCL\NarrowphaseCollision\b3QuantizedBvh.h" />
    <ClInclude Include="lib\bullet\Bullet3OpenCL\NarrowphaseCollision\b3StridingMeshInterface.h" />
    <ClInclude Include="lib\bullet\Bullet3OpenCL\NarrowphaseCollision\b3SupportMappings.h" />
    <ClInclude Include="lib\bullet\Bullet3OpenCL\NarrowphaseCollision\b3TriangleCallback.h" />
    <ClInclude Include="lib\bullet\Bullet3OpenCL\NarrowphaseCollision\b3TriangleIndexVertexArray.h" />
    <ClInclude Include="lib\bullet\Bullet3OpenCL\NarrowphaseCollision\b3VectorFloat4.h" />
    <ClInclude Include="lib\bullet\Bullet3OpenCL\NarrowphaseCollision\b3VoronoiSimplexSolver.h" />
    <ClInclude Include="lib\bullet\Bullet3OpenCL\ParallelPrimitives\kernels\BoundSearchKernelsCL.h" />
    <ClInclude Include="lib\bullet\Bullet3OpenCL\ParallelPrimitives\kernels\CopyKernelsCL.h" />
    <ClInclude Include="lib\bullet\Bullet3OpenCL\ParallelPrimitives\kernels\FillKernelsCL.h" />
    <ClInclude Include="lib\bullet\Bullet3OpenCL\ParallelPrimitives\kernels\PrefixScanKernelsCL.h" />
    <ClInclude Include="lib\bullet\Bullet3OpenCL\ParallelPrimitives\kernels\PrefixScanKernelsFloat4CL.h" />
    <ClInclude Include="lib\bullet\Bullet3OpenCL\ParallelPrimitives\kernels\RadixSort32KernelsCL.h" />
    <ClInclude Include="lib\bullet\Bullet3OpenCL\ParallelPrimitives\b3BoundSearchCL.h" />
    <ClInclude Include="lib\bullet\Bullet3OpenCL\ParallelPrimitives\b3BufferInfoCL.h" />
    <ClInclude Include="lib\bullet\Bullet3OpenCL\ParallelPrimitives\b3FillCL.h" />
    <ClInclude Include="lib\bullet\Bullet3OpenCL\ParallelPrimitives\b3LauncherCL.h" />
    <ClInclude Include="lib\bullet\Bullet3OpenCL\ParallelPrimitives\b3OpenCLArray.h" />
    <ClInclude Include="lib\bullet\Bullet3OpenCL\ParallelPrimitives\b3PrefixScanCL.h" />
    <ClInclude Include="lib\bullet\Bullet3OpenCL\ParallelPrimitives\b3PrefixScanFloat4CL.h" />
    <ClInclude Include="lib\bullet\Bullet3OpenCL\ParallelPrimitives\b3RadixSort32CL.h" />
    <ClInclude Include="lib\bullet\Bullet3OpenCL\Raycast\kernels\rayCastKernels.h" />
    <ClInclude Include="lib\bullet\Bullet3OpenCL\Raycast\b3GpuRaycast.h" />
    <ClInclude Include="lib\bullet\Bullet3OpenCL\RigidBody\kernels\batchingKernels.h" />
    <ClInclude Include="lib\bullet\Bullet3OpenCL\RigidBody\kernels\batchingKernelsNew.h" />
    <ClInclude Include="lib\bullet\Bullet3OpenCL\RigidBody\kernels\integrateKernel.h" />
    <ClInclude Include="lib\bullet\Bullet3OpenCL\RigidBody\kernels\jointSolver.h" />
    <ClInclude Include="lib\bullet\Bullet3OpenCL\RigidBody\kernels\solveContact.h" />
    <ClInclude Include="lib\bullet\Bullet3OpenCL\RigidBody\kernels\solveFriction.h" />
    <ClInclude Include="lib\bullet\Bullet3OpenCL\RigidBody\kernels\solverSetup.h" />
    <ClInclude Include="lib\bullet\Bullet3OpenCL\RigidBody\kernels\solverSetup2.h" />
    <ClInclude Include="lib\bullet\Bullet3OpenCL\RigidBody\kernels\solverUtils.h" />
    <ClInclude Include="lib\bullet\Bullet3OpenCL\RigidBody\kernels\updateAabbsKernel.h" />
    <ClInclude Include="lib\bullet\Bullet3OpenCL\RigidBody\b3GpuConstraint4.h" />
    <ClInclude Include="lib\bullet\Bullet3OpenCL\RigidBody\b3GpuGenericConstraint.h" />
    <ClInclude Include="lib\bullet\Bullet3OpenCL\RigidBody\b3GpuJacobiContactSolver.h" />
    <ClInclude Include="lib\bullet\Bullet3OpenCL\RigidBody\b3GpuNarrowPhase.h" />
    <ClInclude Include="lib\bullet\Bullet3OpenCL\RigidBody\b3GpuNarrowPhaseInternalData.h" />
    <ClInclude Include="lib\bullet\Bullet3OpenCL\RigidBody\b3GpuPgsConstraintSolver.h" />
    <ClInclude Include="lib\bullet\Bullet3OpenCL\RigidBody\b3GpuPgsContactSolver.h" />
    <ClInclude Include="lib\bullet\Bullet3OpenCL\RigidBody\b3GpuRigidBodyPipeline.h" />
    <ClInclude Include="lib\bullet\Bullet3OpenCL\RigidBody\b3GpuRigidBodyPipelineInternalData.h" />
    <ClInclude Include="lib\bullet\Bullet3OpenCL\RigidBody\b3GpuSolverBody.h" />
    <ClInclude Include="lib\bullet\Bullet3OpenCL\RigidBody\b3GpuSolverConstraint.h" />
    <ClInclude Include="lib\bullet\Bullet3OpenCL\RigidBody\b3Solver.h" />
    <ClInclude Include="lib\bullet\Bullet3Serialize\Bullet2FileLoader\autogenerated\bullet2.h" />
    <ClInclude Include="lib\bullet\Bullet3Serialize\Bullet2FileLoader\b3BulletFile.h" />
    <ClInclude Include="lib\bullet\Bullet3Serialize\Bullet2FileLoader\b3Chunk.h" />
    <ClInclude Include="lib\bullet\Bullet3Serialize\Bullet2FileLoader\b3Common.h" />
    <ClInclude Include="lib\bullet\Bullet3Serialize\Bullet2FileLoader\b3Defines.h" />
    <ClInclude Include="lib\bullet\Bullet3Serialize\Bullet2FileLoader\b3DNA.h" />
    <ClInclude Include="lib\bullet\Bullet3Serialize\Bullet2FileLoader\b3File.h" />
    <ClInclude Include="lib\bullet\Bullet3Serialize\Bullet2FileLoader\b3Serializer.h" />
    <ClInclude Include="lib\bullet\BulletCollision\BroadphaseCollision\btAxisSweep3.h" />
    <ClInclude Include="lib\bullet\BulletCollision\BroadphaseCollision\btAxisSweep3Internal.h" />
    <ClInclude Include="lib\bullet\BulletCollision\BroadphaseCollision\btBroadphaseInterface.h" />
    <ClInclude Include="lib\bullet\BulletCollision\BroadphaseCollision\btBroadphaseProxy.h" />
    <ClInclude Include="lib\bullet\BulletCollision\BroadphaseCollision\btCollisionAlgorithm.h" />
    <ClInclude Include="lib\bullet\BulletCollision\BroadphaseCollision\btDbvt.h" />
    <ClInclude Include="lib\bullet\BulletCollision\BroadphaseCollision\btDbvtBroadphase.h" />
    <ClInclude Include="lib\bullet\BulletCollision\BroadphaseCollision\btDispatcher.h" />
    <ClInclude Include="lib\bullet\BulletCollision\BroadphaseCollision\btOverlappingPairCache.h" />
    <ClInclude Include="lib\bullet\BulletCollision\BroadphaseCollision\btOverlappingPairCallback.h" />
    <ClInclude Include="lib\bullet\BulletCollision\BroadphaseCollision\btQuantizedBvh.h" />
    <ClInclude Include="lib\bullet\BulletCollision\BroadphaseCollision\btSimpleBroadphase.h" />
    <ClInclude Include="lib\bullet\BulletCollision\CollisionDispatch\btActivatingCollisionAlgorithm.h" />
    <ClInclude Include="lib\bullet\BulletCollision\CollisionDispatch\btBox2dBox2dCollisionAlgorithm.h" />
    <ClInclude Include="lib\bullet\BulletCollision\CollisionDispatch\btBoxBoxCollisionAlgorithm.h" />
    <ClInclude Include="lib\bullet\BulletCollision\CollisionDispatch\btBoxBoxDetector.h" />
    <ClInclude Include="lib\bullet\BulletCollision\CollisionDispatch\btCollisionConfiguration.h" />
    <ClInclude Include="lib\bullet\BulletCollision\CollisionDispatch\btCollisionCreateFunc.h" />
    <ClInclude Include="lib\bullet\BulletCollision\CollisionDispatch\btCollisionDispatcher.h" />
    <ClInclude Include="lib\bullet\BulletCollision\CollisionDispatch\btCollisionDispatcherMt.h" />
    <ClInclude Include="lib\bullet\BulletCollision\CollisionDispatch\btCollisionObject.h" />
    <ClInclude Include="lib\bullet\BulletCollision\CollisionDispatch\btCollisionObjectWrapper.h" />
    <ClInclude Include="lib\bullet\BulletCollision\CollisionDispatch\btCollisionWorld.h" />
    <ClInclude Include="lib\bullet\BulletCollision\CollisionDispatch\btCollisionWorldImporter.h" />
    <ClInclude Include="lib\bullet\BulletCollision\CollisionDispatch\btCompoundCollisionAlgorithm.h" />
    <ClInclude Include="lib\bullet\BulletCollision\CollisionDispatch\btCompoundCompoundCollisionAlgorithm.h" />
    <ClInclude Include="lib\bullet\BulletCollision\CollisionDispatch\btConvex2dConvex2dAlgorithm.h" />
    <ClInclude Include="lib\bullet\BulletCollision\CollisionDispatch\btConvexConcaveCollisionAlgorithm.h" />
    <ClInclude Include="lib\bullet\BulletCollision\CollisionDispatch\btConvexConvexAlgorithm.h" />
    <ClInclude Include="lib\bullet\BulletCollision\CollisionDispatch\btConvexPlaneCollisionAlgorithm.h" />
    <ClInclude Include="lib\bullet\BulletCollision\CollisionDispatch\btDefaultCollisionConfiguration.h" />
    <ClInclude Include="lib\bullet\BulletCollision\CollisionDispatch\btEmptyCollisionAlgorithm.h" />
    <ClInclude Include="lib\bullet\BulletCollision\CollisionDispatch\btGhostObject.h" />
    <ClInclude Include="lib\bullet\BulletCollision\CollisionDispatch\btHashedSimplePairCache.h" />
    <ClInclude Include="lib\bullet\BulletCollision\CollisionDispatch\btInternalEdgeUtility.h" />
    <ClInclude Include="lib\bullet\BulletCollision\CollisionDispatch\btManifoldResult.h" />
    <ClInclude Include="lib\bullet\BulletCollision\CollisionDispatch\btSimulationIslandManager.h" />
    <ClInclude Include="lib\bullet\BulletCollision\CollisionDispatch\btSphereBoxCollisionAlgorithm.h" />
    <ClInclude Include="lib\bullet\BulletCollision\CollisionDispatch\btSphereSphereCollisionAlgorithm.h" />
    <ClInclude Include="lib\bullet\BulletCollision\CollisionDispatch\btSphereTriangleCollisionAlgorithm.h" />
    <ClInclude Include="lib\bullet\BulletCollision\CollisionDispatch\btUnionFind.h" />
    <ClInclude Include="lib\bullet\BulletCollision\CollisionDispatch\SphereTriangleDetector.h" />
    <ClInclude Include="lib\bullet\BulletCollision\CollisionShapes\btBox2dShape.h" />
    <ClInclude Include="lib\bullet\BulletCollision\CollisionShapes\btBoxShape.h" />
    <ClInclude Include="lib\bullet\BulletCollision\CollisionShapes\btBvhTriangleMeshShape.h" />
    <ClInclude Include="lib\bullet\BulletCollision\CollisionShapes\btCapsuleShape.h" />
    <ClInclude Include="lib\bullet\BulletCollision\CollisionShapes\btCollisionMargin.h" />
    <ClInclude Include="lib\bullet\BulletCollision\CollisionShapes\btCollisionShape.h" />
    <ClInclude Include="lib\bullet\BulletCollision\CollisionShapes\btCompoundShape.h" />
    <ClInclude Include="lib\bullet\BulletCollision\CollisionShapes\btConcaveShape.h" />
    <ClInclude Include="lib\bullet\BulletCollision\CollisionShapes\btConeShape.h" />
    <ClInclude Include="lib\bullet\BulletCollision\CollisionShapes\btConvex2dShape.h" />
    <ClInclude Include="lib\bullet\BulletCollision\CollisionShapes\btConvexHullShape.h" />
    <ClInclude Include="lib\bullet\BulletCollision\CollisionShapes\btConvexInternalShape.h" />
    <ClInclude Include="lib\bullet\BulletCollision\CollisionShapes\btConvexPointCloudShape.h" />
    <ClInclude Include="lib\bullet\BulletCollision\CollisionShapes\btConvexPolyhedron.h" />
    <ClInclude Include="lib\bullet\BulletCollision\CollisionShapes\btConvexShape.h" />
    <ClInclude Include="lib\bullet\BulletCollision\CollisionShapes\btConvexTriangleMeshShape.h" />
    <ClInclude Include="lib\bullet\BulletCollision\CollisionShapes\btCylinderShape.h" />
    <ClInclude Include="lib\bullet\BulletCollision\CollisionShapes\btEmptyShape.h" />
    <ClInclude Include="lib\bullet\BulletCollision\CollisionShapes\btHeightfieldTerrainShape.h" />
    <ClInclude Include="lib\bullet\BulletCollision\CollisionShapes\btMaterial.h" />
    <ClInclude Include="lib\bullet\BulletCollision\CollisionShapes\btMiniSDF.h" />
    <ClInclude Include="lib\bullet\BulletCollision\CollisionShapes\btMinkowskiSumShape.h" />
    <ClInclude Include="lib\bullet\BulletCollision\CollisionShapes\btMultimaterialTriangleMeshShape.h" />
    <ClInclude Include="lib\bullet\BulletCollision\CollisionShapes\btMultiSphereShape.h" />
    <ClInclude Include="lib\bullet\BulletCollision\CollisionShapes\btOptimizedBvh.h" />
    <ClInclude Include="lib\bullet\BulletCollision\CollisionShapes\btPolyhedralConvexShape.h" />
    <ClInclude Include="lib\bullet\BulletCollision\CollisionShapes\btScaledBvhTriangleMeshShape.h" />
    <ClInclude Include="lib\bullet\BulletCollision\CollisionShapes\btSdfCollisionShape.h" />
    <ClInclude Include="lib\bullet\BulletCollision\CollisionShapes\btShapeHull.h" />
    <ClInclude Include="lib\bullet\BulletCollision\CollisionShapes\btSphereShape.h" />
    <ClInclude Include="lib\bullet\BulletCollision\CollisionShapes\btStaticPlaneShape.h" />
    <ClInclude Include="lib\bullet\BulletCollision\CollisionShapes\btStridingMeshInterface.h" />
    <ClInclude Include="lib\bullet\BulletCollision\CollisionShapes\btTetrahedronShape.h" />
    <ClInclude Include="lib\bullet\BulletCollision\CollisionShapes\btTriangleBuffer.h" />
    <ClInclude Include="lib\bullet\BulletCollision\CollisionShapes\btTriangleCallback.h" />
    <ClInclude Include="lib\bullet\BulletCollision\CollisionShapes\btTriangleIndexVertexArray.h" />
    <ClInclude Include="lib\bullet\BulletCollision\CollisionShapes\btTriangleIndexVertexMaterialArray.h" />
    <ClInclude Include="lib\bullet\BulletCollision\CollisionShapes\btTriangleInfoMap.h" />
    <ClInclude Include="lib\bullet\BulletCollision\CollisionShapes\btTriangleMesh.h" />
    <ClInclude Include="lib\bullet\BulletCollision\CollisionShapes\btTriangleMeshShape.h" />
    <ClInclude Include="lib\bullet\BulletCollision\CollisionShapes\btTriangleShape.h" />
    <ClInclude Include="lib\bullet\BulletCollision\CollisionShapes\btUniformScalingShape.h" />
    <ClInclude Include="lib\bullet\BulletCollision\Gimpact\btBoxCollision.h" />
    <ClInclude Include="lib\bullet\BulletCollision\Gimpact\btClipPolygon.h" />
    <ClInclude Include="lib\bullet\BulletCollision\Gimpact\btCompoundFromGimpact.h" />
    <ClInclude Include="lib\bullet\BulletCollision\Gimpact\btContactProcessing.h" />
    <ClInclude Include="lib\bullet\BulletCollision\Gimpact\btContactProcessingStructs.h" />
    <ClInclude Include="lib\bullet\BulletCollision\Gimpact\btGenericPoolAllocator.h" />
    <ClInclude Include="lib\bullet\BulletCollision\Gimpact\btGeometryOperations.h" />
    <ClInclude Include="lib\bullet\BulletCollision\Gimpact\btGImpactBvh.h" />
    <ClInclude Include="lib\bullet\BulletCollision\Gimpact\btGImpactBvhStructs.h" />
    <ClInclude Include="lib\bullet\BulletCollision\Gimpact\btGImpactCollisionAlgorithm.h" />
    <ClInclude Include="lib\bullet\BulletCollision\Gimpact\btGImpactMassUtil.h" />
    <ClInclude Include="lib\bullet\BulletCollision\Gimpact\btGImpactQuantizedBvh.h" />
    <ClInclude Include="lib\bullet\BulletCollision\Gimpact\btGImpactQuantizedBvhStructs.h" />
    <ClInclude Include="lib\bullet\BulletCollision\Gimpact\btGImpactShape.h" />
    <ClInclude Include="lib\bullet\BulletCollision\Gimpact\btQuantization.h" />
    <ClInclude Include="lib\bullet\BulletCollision\Gimpact\btTriangleShapeEx.h" />
    <ClInclude Include="lib\bullet\BulletCollision\Gimpact\gim_array.h" />
    <ClInclude Include="lib\bullet\BulletCollision\Gimpact\gim_basic_geometry_operations.h" />
    <ClInclude Include="lib\bullet\BulletCollision\Gimpact\gim_bitset.h" />
    <ClInclude Include="lib\bullet\BulletCollision\Gimpact\gim_box_collision.h" />
    <ClInclude Include="lib\bullet\BulletCollision\Gimpact\gim_box_set.h" />
    <ClInclude Include="lib\bullet\BulletCollision\Gimpact\gim_clip_polygon.h" />
    <ClInclude Include="lib\bullet\BulletCollision\Gimpact\gim_contact.h" />
    <ClInclude Include="lib\bullet\BulletCollision\Gimpact\gim_geom_types.h" />
    <ClInclude Include="lib\bullet\BulletCollision\Gimpact\gim_geometry.h" />
    <ClInclude Include="lib\bullet\BulletCollision\Gimpact\gim_hash_table.h" />
    <ClInclude Include="lib\bullet\BulletCollision\Gimpact\gim_linear_math.h" />
    <ClInclude Include="lib\bullet\BulletCollision\Gimpact\gim_math.h" />
    <ClInclude Include="lib\bullet\BulletCollision\Gimpact\gim_memory.h" />
    <ClInclude Include="lib\bullet\BulletCollision\Gimpact\gim_pair.h" />
    <ClInclude Include="lib\bullet\BulletCollision\Gimpact\gim_radixsort.h" />
    <ClInclude Include="lib\bullet\BulletCollision\Gimpact\gim_tri_collision.h" />
    <ClInclude Include="lib\bullet\BulletCollision\NarrowPhaseCollision\btComputeGjkEpaPenetration.h" />
    <ClInclude Include="lib\bullet\BulletCollision\NarrowPhaseCollision\btContinuousConvexCollision.h" />
    <ClInclude Include="lib\bullet\BulletCollision\NarrowPhaseCollision\btConvexCast.h" />
    <ClInclude Include="lib\bullet\BulletCollision\NarrowPhaseCollision\btConvexPenetrationDepthSolver.h" />
    <ClInclude Include="lib\bullet\BulletCollision\NarrowPhaseCollision\btDiscreteCollisionDetectorInterface.h" />
    <ClInclude Include="lib\bullet\BulletCollision\NarrowPhaseCollision\btGjkCollisionDescription.h" />
    <ClInclude Include="lib\bullet\BulletCollision\NarrowPhaseCollision\btGjkConvexCast.h" />
    <ClInclude Include="lib\bullet\BulletCollision\NarrowPhaseCollision\btGjkEpa2.h" />
    <ClInclude Include="lib\bullet\BulletCollision\NarrowPhaseCollision\btGjkEpa3.h" />
    <ClInclude Include="lib\bullet\BulletCollision\NarrowPhaseCollision\btGjkEpaPenetrationDepthSolver.h" />
    <ClInclude Include="lib\bullet\BulletCollision\NarrowPhaseCollision\btGjkPairDetector.h" />
    <ClInclude Include="lib\bullet\BulletCollision\NarrowPhaseCollision\btManifoldPoint.h" />
    <ClInclude Include="lib\bullet\BulletCollision\NarrowPhaseCollision\btMinkowskiPenetrationDepthSolver.h" />
    <ClInclude Include="lib\bullet\BulletCollision\NarrowPhaseCollision\btMprPenetration.h" />
    <ClInclude Include="lib\bullet\BulletCollision\NarrowPhaseCollision\btPersistentManifold.h" />
    <ClInclude Include="lib\bullet\BulletCollision\NarrowPhaseCollision\btPointCollector.h" />
    <ClInclude Include="lib\bullet\BulletCollision\NarrowPhaseCollision\btPolyhedralContactClipping.h" />
    <ClInclude Include="lib\bullet\BulletCollision\NarrowPhaseCollision\btRaycastCallback.h" />
    <ClInclude Include="lib\bullet\BulletCollision\NarrowPhaseCollision\btSimplexSolverInterface.h" />
    <ClInclude Include="lib\bullet\BulletCollision\NarrowPhaseCollision\btSubSimplexConvexCast.h" />
    <ClInclude Include="lib\bullet\BulletCollision\NarrowPhaseCollision\btVoronoiSimplexSolver.h" />
    <ClInclude Include="lib\bullet\BulletDynamics\Character\btCharacterControllerInterface.h" />
    <ClInclude Include="lib\bullet\BulletDynamics\Character\btKinematicCharacterController.h" />
    <ClInclude Include="lib\bullet\BulletDynamics\ConstraintSolver\btBatchedConstraints.h" />
    <ClInclude Include="lib\bullet\BulletDynamics\ConstraintSolver\btConeTwistConstraint.h" />
    <ClInclude Include="lib\bullet\BulletDynamics\ConstraintSolver\btConstraintSolver.h" />
    <ClInclude Include="lib\bullet\BulletDynamics\ConstraintSolver\btContactConstraint.h" />
    <ClInclude Include="lib\bullet\BulletDynamics\ConstraintSolver\btContactSolverInfo.h" />
    <ClInclude Include="lib\bullet\BulletDynamics\ConstraintSolver\btFixedConstraint.h" />
    <ClInclude Include="lib\bullet\BulletDynamics\ConstraintSolver\btGearConstraint.h" />
    <ClInclude Include="lib\bullet\BulletDynamics\ConstraintSolver\btGeneric6DofConstraint.h" />
    <ClInclude Include="lib\bullet\BulletDynamics\ConstraintSolver\btGeneric6DofSpring2Constraint.h" />
    <ClInclude Include="lib\bullet\BulletDynamics\ConstraintSolver\btGeneric6DofSpringConstraint.h" />
    <ClInclude Include="lib\bullet\BulletDynamics\ConstraintSolver\btHinge2Constraint.h" />
    <ClInclude Include="lib\bullet\BulletDynamics\ConstraintSolver\btHingeConstraint.h" />
    <ClInclude Include="lib\bullet\BulletDynamics\ConstraintSolver\btJacobianEntry.h" />
    <ClInclude Include="lib\bullet\BulletDynamics\ConstraintSolver\btNNCGConstraintSolver.h" />
    <ClInclude Include="lib\bullet\BulletDynamics\ConstraintSolver\btPoint2PointConstraint.h" />
    <ClInclude Include="lib\bullet\BulletDynamics\ConstraintSolver\btSequentialImpulseConstraintSolver.h" />
    <ClInclude Include="lib\bullet\BulletDynamics\ConstraintSolver\btSequentialImpulseConstraintSolverMt.h" />
    <ClInclude Include="lib\bullet\BulletDynamics\ConstraintSolver\btSliderConstraint.h" />
    <ClInclude Include="lib\bullet\BulletDynamics\ConstraintSolver\btSolve2LinearConstraint.h" />
    <ClInclude Include="lib\bullet\BulletDynamics\ConstraintSolver\btSolverBody.h" />
    <ClInclude Include="lib\bullet\BulletDynamics\ConstraintSolver\btSolverConstraint.h" />
    <ClInclude Include="lib\bullet\BulletDynamics\ConstraintSolver\btTypedConstraint.h" />
    <ClInclude Include="lib\bullet\BulletDynamics\ConstraintSolver\btUniversalConstraint.h" />
    <ClInclude Include="lib\bullet\BulletDynamics\Dynamics\btActionInterface.h" />
    <ClInclude Include="lib\bullet\BulletDynamics\Dynamics\btDiscreteDynamicsWorld.h" />
    <ClInclude Include="lib\bullet\BulletDynamics\Dynamics\btDiscreteDynamicsWorldMt.h" />
    <ClInclude Include="lib\bullet\BulletDynamics\Dynamics\btDynamicsWorld.h" />
    <ClInclude Include="lib\bullet\BulletDynamics\Dynamics\btRigidBody.h" />
    <ClInclude Include="lib\bullet\BulletDynamics\Dynamics\btSimpleDynamicsWorld.h" />
    <ClInclude Include="lib\bullet\BulletDynamics\Dynamics\btSimulationIslandManagerMt.h" />
    <ClInclude Include="lib\bullet\BulletDynamics\Featherstone\btMultiBody.h" />
    <ClInclude Include="lib\bullet\BulletDynamics\Featherstone\btMultiBodyConstraint.h" />
    <ClInclude Include="lib\bullet\BulletDynamics\Featherstone\btMultiBodyConstraintSolver.h" />
    <ClInclude Include="lib\bullet\BulletDynamics\Featherstone\btMultiBodyDynamicsWorld.h" />
    <ClInclude Include="lib\bullet\BulletDynamics\Featherstone\btMultiBodyFixedConstraint.h" />
    <ClInclude Include="lib\bullet\BulletDynamics\Featherstone\btMultiBodyGearConstraint.h" />
    <ClInclude Include="lib\bullet\BulletDynamics\Featherstone\btMultiBodyInplaceSolverIslandCallback.h" />
    <ClInclude Include="lib\bullet\BulletDynamics\Featherstone\btMultiBodyJointFeedback.h" />
    <ClInclude Include="lib\bullet\BulletDynamics\Featherstone\btMultiBodyJointLimitConstraint.h" />
    <ClInclude Include="lib\bullet\BulletDynamics\Featherstone\btMultiBodyJointMotor.h" />
    <ClInclude Include="lib\bullet\BulletDynamics\Featherstone\btMultiBodyLink.h" />
    <ClInclude Include="lib\bullet\BulletDynamics\Featherstone\btMultiBodyLinkCollider.h" />
    <ClInclude Include="lib\bullet\BulletDynamics\Featherstone\btMultiBodyMLCPConstraintSolver.h" />
    <ClInclude Include="lib\bullet\BulletDynamics\Featherstone\btMultiBodyPoint2Point.h" />
    <ClInclude Include="lib\bullet\BulletDynamics\Featherstone\btMultiBodySliderConstraint.h" />
    <ClInclude Include="lib\bullet\BulletDynamics\Featherstone\btMultiBodySolverConstraint.h" />
    <ClInclude Include="lib\bullet\BulletDynamics\Featherstone\btMultiBodySphericalJointLimit.h" />
    <ClInclude Include="lib\bullet\BulletDynamics\Featherstone\btMultiBodySphericalJointMotor.h" />
    <ClInclude Include="lib\bullet\BulletDynamics\MLCPSolvers\btDantzigLCP.h" />
    <ClInclude Include="lib\bullet\BulletDynamics\MLCPSolvers\btDantzigSolver.h" />
    <ClInclude Include="lib\bullet\BulletDynamics\MLCPSolvers\btLemkeAlgorithm.h" />
    <ClInclude Include="lib\bullet\BulletDynamics\MLCPSolvers\btLemkeSolver.h" />
    <ClInclude Include="lib\bullet\BulletDynamics\MLCPSolvers\btMLCPSolver.h" />
    <ClInclude Include="lib\bullet\BulletDynamics\MLCPSolvers\btMLCPSolverInterface.h" />
    <ClInclude Include="lib\bullet\BulletDynamics\MLCPSolvers\btPATHSolver.h" />
    <ClInclude Include="lib\bullet\BulletDynamics\MLCPSolvers\btSolveProjectedGaussSeidel.h" />
    <ClInclude Include="lib\bullet\BulletDynamics\Vehicle\btRaycastVehicle.h" />
    <ClInclude Include="lib\bullet\BulletDynamics\Vehicle\btVehicleRaycaster.h" />
    <ClInclude Include="lib\bullet\BulletDynamics\Vehicle\btWheelInfo.h" />
    <ClInclude Include="lib\bullet\BulletInverseDynamics\details\IDEigenInterface.hpp" />
    <ClInclude Include="lib\bullet\BulletInverseDynamics\details\IDLinearMathInterface.hpp" />
    <ClInclude Include="lib\bullet\BulletInverseDynamics\details\IDMatVec.hpp" />
    <ClInclude Include="lib\bullet\BulletInverseDynamics\details\MultiBodyTreeImpl.hpp" />
    <ClInclude Include="lib\bullet\BulletInverseDynamics\details\MultiBodyTreeInitCache.hpp" />
    <ClInclude Include="lib\bullet\BulletInverseDynamics\IDConfig.hpp" />
    <ClInclude Include="lib\bullet\BulletInverseDynamics\IDConfigBuiltin.hpp" />
    <ClInclude Include="lib\bullet\BulletInverseDynamics\IDConfigEigen.hpp" />
    <ClInclude Include="lib\bullet\BulletInverseDynamics\IDErrorMessages.hpp" />
    <ClInclude Include="lib\bullet\BulletInverseDynamics\IDMath.hpp" />
    <ClInclude Include="lib\bullet\BulletInverseDynamics\MultiBodyTree.hpp" />
    <ClInclude Include="lib\bullet\BulletSoftBody\BulletReducedDeformableBody\btReducedDeformableBody.h" />
    <ClInclude Include="lib\bullet\BulletSoftBody\BulletReducedDeformableBody\btReducedDeformableBodyHelpers.h" />
    <ClInclude Include="lib\bullet\BulletSoftBody\BulletReducedDeformableBody\btReducedDeformableBodySolver.h" />
    <ClInclude Include="lib\bullet\BulletSoftBody\BulletReducedDeformableBody\btReducedDeformableContactConstraint.h" />
    <ClInclude Include="lib\bullet\BulletSoftBody\btCGProjection.h" />
    <ClInclude Include="lib\bullet\BulletSoftBody\btConjugateGradient.h" />
    <ClInclude Include="lib\bullet\BulletSoftBody\btConjugateResidual.h" />
    <ClInclude Include="lib\bullet\BulletSoftBody\btDefaultSoftBodySolver.h" />
    <ClInclude Include="lib\bullet\BulletSoftBody\btDeformableBackwardEulerObjective.h" />
    <ClInclude Include="lib\bullet\BulletSoftBody\btDeformableBodySolver.h" />
    <ClInclude Include="lib\bullet\BulletSoftBody\btDeformableContactConstraint.h" />
    <ClInclude Include="lib\bullet\BulletSoftBody\btDeformableContactProjection.h" />
    <ClInclude Include="lib\bullet\BulletSoftBody\btDeformableCorotatedForce.h" />
    <ClInclude Include="lib\bullet\BulletSoftBody\btDeformableGravityForce.h" />
    <ClInclude Include="lib\bullet\BulletSoftBody\btDeformableLagrangianForce.h" />
    <ClInclude Include="lib\bullet\BulletSoftBody\btDeformableLinearElasticityForce.h" />
    <ClInclude Include="lib\bullet\BulletSoftBody\btDeformableMassSpringForce.h" />
    <ClInclude Include="lib\bullet\BulletSoftBody\btDeformableMousePickingForce.h" />
    <ClInclude Include="lib\bullet\BulletSoftBody\btDeformableMultiBodyConstraintSolver.h" />
    <ClInclude Include="lib\bullet\BulletSoftBody\btDeformableMultiBodyDynamicsWorld.h" />
    <ClInclude Include="lib\bullet\BulletSoftBody\btDeformableNeoHookeanForce.h" />
    <ClInclude Include="lib\bullet\BulletSoftBody\btKrylovSolver.h" />
    <ClInclude Include="lib\bullet\BulletSoftBody\btPreconditioner.h" />
    <ClInclude Include="lib\bullet\BulletSoftBody\btSoftBody.h" />
    <ClInclude Include="lib\bullet\BulletSoftBody\btSoftBodyConcaveCollisionAlgorithm.h" />
    <ClInclude Include="lib\bullet\BulletSoftBody\btSoftBodyData.h" />
    <ClInclude Include="lib\bullet\BulletSoftBody\btSoftBodyHelpers.h" />
    <ClInclude Include="lib\bullet\BulletSoftBody\btSoftBodyInternals.h" />
    <ClInclude Include="lib\bullet\BulletSoftBody\btSoftBodyRigidBodyCollisionConfiguration.h" />
    <ClInclude Include="lib\bullet\BulletSoftBody\btSoftBodySolvers.h" />
    <ClInclude Include="lib\bullet\BulletSoftBody\btSoftBodySolverVertexBuffer.h" />
    <ClInclude Include="lib\bullet\BulletSoftBody\btSoftMultiBodyDynamicsWorld.h" />
    <ClInclude Include="lib\bullet\BulletSoftBody\btSoftRigidCollisionAlgorithm.h" />
    <ClInclude Include="lib\bullet\BulletSoftBody\btSoftRigidDynamicsWorld.h" />
    <ClInclude Include="lib\bullet\BulletSoftBody\btSoftSoftCollisionAlgorithm.h" />
    <ClInclude Include="lib\bullet\BulletSoftBody\btSparseSDF.h" />
    <ClInclude Include="lib\bullet\BulletSoftBody\DeformableBodyInplaceSolverIslandCallback.h" />
    <ClInclude Include="lib\bullet\BulletSoftBody\poly34.h" />
    <ClInclude Include="lib\bullet\clew\clew.h" />
    <ClInclude Include="lib\bullet\LinearMath\TaskScheduler\btThreadSupportInterface.h" />
    <ClInclude Include="lib\bullet\LinearMath\btAabbUtil2.h" />
    <ClInclude Include="lib\bullet\LinearMath\btAlignedAllocator.h" />
    <ClInclude Include="lib\bullet\LinearMath\btAlignedObjectArray.h" />
    <ClInclude Include="lib\bullet\LinearMath\btConvexHull.h" />
    <ClInclude Include="lib\bullet\LinearMath\btConvexHullComputer.h" />
    <ClInclude Include="lib\bullet\LinearMath\btCpuFeatureUtility.h" />
    <ClInclude Include="lib\bullet\LinearMath\btDefaultMotionState.h" />
    <ClInclude Include="lib\bullet\LinearMath\btGeometryUtil.h" />
    <ClInclude Include="lib\bullet\LinearMath\btGrahamScan2dConvexHull.h" />
    <ClInclude Include="lib\bullet\LinearMath\btHashMap.h" />
    <ClInclude Include="lib\bullet\LinearMath\btIDebugDraw.h" />
    <ClInclude Include="lib\bullet\LinearMath\btImplicitQRSVD.h" />
    <ClInclude Include="lib\bullet\LinearMath\btList.h" />
    <ClInclude Include="lib\bullet\LinearMath\btMatrix3x3.h" />
    <ClInclude Include="lib\bullet\LinearMath\btMatrixX.h" />
    <ClInclude Include="lib\bullet\LinearMath\btMinMax.h" />
    <ClInclude Include="lib\bullet\LinearMath\btModifiedGramSchmidt.h" />
    <ClInclude Include="lib\bullet\LinearMath\btMotionState.h" />
    <ClInclude Include="lib\bullet\LinearMath\btPolarDecomposition.h" />
    <ClInclude Include="lib\bullet\LinearMath\btPoolAllocator.h" />
    <ClInclude Include="lib\bullet\LinearMath\btQuadWord.h" />
    <ClInclude Include="lib\bullet\LinearMath\btQuaternion.h" />
    <ClInclude Include="lib\bullet\LinearMath\btQuickprof.h" />
    <ClInclude Include="lib\bullet\LinearMath\btRandom.h" />
    <ClInclude Include="lib\bullet\LinearMath\btReducedVector.h" />
    <ClInclude Include="lib\bullet\LinearMath\btScalar.h" />
    <ClInclude Include="lib\bullet\LinearMath\btSerializer.h" />
    <ClInclude Include="lib\bullet\LinearMath\btSpatialAlgebra.h" />
    <ClInclude Include="lib\bullet\LinearMath\btStackAlloc.h" />
    <ClInclude Include="lib\bullet\LinearMath\btThreads.h" />
    <ClInclude Include="lib\bullet\LinearMath\btTransform.h" />
    <ClInclude Include="lib\bullet\LinearMath\btTransformUtil.h" />
    <ClInclude Include="lib\bullet\LinearMath\btVector3.h" />
    <ClInclude Include="lib\bullet\btBulletCollisionCommon.h" />
    <ClInclude Include="lib\bullet\btBulletDynamicsCommon.h" />
    <ClInclude Include="Gameobjects\Terrain.hpp" />
    <ClInclude Include="scripts\player.hpp" />
  </ItemGroup>
  <ItemGroup>
    <Library Include="lib\assimp-vc143-mt.lib" />
    <Library Include="lib\glfw3.lib" />
    <Library Include="lib\Bullet2FileLoader.lib" />
    <Library Include="lib\Bullet3Collision.lib" />
    <Library Include="lib\Bullet3Common.lib" />
    <Library Include="lib\Bullet3Dynamics.lib" />
    <Library Include="lib\Bullet3Geometry.lib" />
    <Library Include="lib\Bullet3OpenCL_clew.lib" />
    <Library Include="lib\BulletCollision.lib" />
    <Library Include="lib\BulletDynamics.lib" />
    <Library Include="lib\BulletFileLoader.lib" />
    <Library Include="lib\BulletInverseDynamics.lib" />
    <Library Include="lib\BulletInverseDynamicsUtils.lib" />
    <Library Include="lib\BulletRobotics.lib" />
    <Library Include="lib\BulletRoboticsGUI.lib" />
    <Library Include="lib\BulletSoftBody.lib" />
    <Library Include="lib\BulletWorldImporter.lib" />
    <Library Include="lib\BulletXmlWorldImporter.lib" />
    <Library Include="lib\ConvexDecomposition.lib" />
    <Library Include="lib\GIMPACTUtils.lib" />
  </ItemGroup>
  <ItemGroup>
    <None Include="lib\assimp-vc143-mt.dll" />
    <None Include="lib\assimp\color4.inl" />
    <None Include="lib\assimp\material.inl" />
    <None Include="lib\assimp\matrix3x3.inl" />
    <None Include="lib\assimp\matrix4x4.inl" />
    <None Include="lib\assimp\quaternion.inl" />
    <None Include="lib\assimp\SmoothingGroups.inl" />
    <None Include="lib\assimp\vector2.inl" />
    <None Include="lib\assimp\vector3.inl" />
    <None Include="lib\glm\detail\func_common.inl" />
    <None Include="lib\glm\detail\func_common_simd.inl" />
    <None Include="lib\glm\detail\func_exponential.inl" />
    <None Include="lib\glm\detail\func_exponential_simd.inl" />
    <None Include="lib\glm\detail\func_geometric.inl" />
    <None Include="lib\glm\detail\func_geometric_simd.inl" />
    <None Include="lib\glm\detail\func_integer.inl" />
    <None Include="lib\glm\detail\func_integer_simd.inl" />
    <None Include="lib\glm\detail\func_matrix.inl" />
    <None Include="lib\glm\detail\func_matrix_simd.inl" />
    <None Include="lib\glm\detail\func_packing.inl" />
    <None Include="lib\glm\detail\func_packing_simd.inl" />
    <None Include="lib\glm\detail\func_trigonometric.inl" />
    <None Include="lib\glm\detail\func_trigonometric_simd.inl" />
    <None Include="lib\glm\detail\func_vector_relational.inl" />
    <None Include="lib\glm\detail\func_vector_relational_simd.inl" />
    <None Include="lib\glm\detail\type_half.inl" />
    <None Include="lib\glm\detail\type_mat2x2.inl" />
    <None Include="lib\glm\detail\type_mat2x3.inl" />
    <None Include="lib\glm\detail\type_mat2x4.inl" />
    <None Include="lib\glm\detail\type_mat3x2.inl" />
    <None Include="lib\glm\detail\type_mat3x3.inl" />
    <None Include="lib\glm\detail\type_mat3x4.inl" />
    <None Include="lib\glm\detail\type_mat4x2.inl" />
    <None Include="lib\glm\detail\type_mat4x3.inl" />
    <None Include="lib\glm\detail\type_mat4x4.inl" />
    <None Include="lib\glm\detail\type_mat4x4_simd.inl" />
    <None Include="lib\glm\detail\type_quat.inl" />
    <None Include="lib\glm\detail\type_quat_simd.inl" />
    <None Include="lib\glm\detail\type_vec1.inl" />
    <None Include="lib\glm\detail\type_vec2.inl" />
    <None Include="lib\glm\detail\type_vec3.inl" />
    <None Include="lib\glm\detail\type_vec4.inl" />
    <None Include="lib\glm\detail\type_vec4_simd.inl" />
    <None Include="lib\glm\ext\matrix_clip_space.inl" />
    <None Include="lib\glm\ext\matrix_common.inl" />
    <None Include="lib\glm\ext\matrix_integer.inl" />
    <None Include="lib\glm\ext\matrix_projection.inl" />
    <None Include="lib\glm\ext\matrix_relational.inl" />
    <None Include="lib\glm\ext\matrix_transform.inl" />
    <None Include="lib\glm\ext\quaternion_common.inl" />
    <None Include="lib\glm\ext\quaternion_common_simd.inl" />
    <None Include="lib\glm\ext\quaternion_exponential.inl" />
    <None Include="lib\glm\ext\quaternion_geometric.inl" />
    <None Include="lib\glm\ext\quaternion_relational.inl" />
    <None Include="lib\glm\ext\quaternion_transform.inl" />
    <None Include="lib\glm\ext\quaternion_trigonometric.inl" />
    <None Include="lib\glm\ext\scalar_common.inl" />
    <None Include="lib\glm\ext\scalar_constants.inl" />
    <None Include="lib\glm\ext\scalar_integer.inl" />
    <None Include="lib\glm\ext\scalar_packing.inl" />
    <None Include="lib\glm\ext\scalar_reciprocal.inl" />
    <None Include="lib\glm\ext\scalar_relational.inl" />
    <None Include="lib\glm\ext\scalar_ulp.inl" />
    <None Include="lib\glm\ext\vector_common.inl" />
    <None Include="lib\glm\ext\vector_integer.inl" />
    <None Include="lib\glm\ext\vector_packing.inl" />
    <None Include="lib\glm\ext\vector_reciprocal.inl" />
    <None Include="lib\glm\ext\vector_relational.inl" />
    <None Include="lib\glm\ext\vector_ulp.inl" />
    <None Include="lib\glm\gtc\bitfield.inl" />
    <None Include="lib\glm\gtc\color_space.inl" />
    <None Include="lib\glm\gtc\constants.inl" />
    <None Include="lib\glm\gtc\epsilon.inl" />
    <None Include="lib\glm\gtc\integer.inl" />
    <None Include="lib\glm\gtc\matrix_access.inl" />
    <None Include="lib\glm\gtc\matrix_inverse.inl" />
    <None Include="lib\glm\gtc\matrix_transform.inl" />
    <None Include="lib\glm\gtc\noise.inl" />
    <None Include="lib\glm\gtc\packing.inl" />
    <None Include="lib\glm\gtc\quaternion.inl" />
    <None Include="lib\glm\gtc\quaternion_simd.inl" />
    <None Include="lib\glm\gtc\random.inl" />
    <None Include="lib\glm\gtc\round.inl" />
    <None Include="lib\glm\gtc\type_precision.inl" />
    <None Include="lib\glm\gtc\type_ptr.inl" />
    <None Include="lib\glm\gtc\ulp.inl" />
    <None Include="lib\glm\gtx\associated_min_max.inl" />
    <None Include="lib\glm\gtx\bit.inl" />
    <None Include="lib\glm\gtx\closest_point.inl" />
    <None Include="lib\glm\gtx\color_encoding.inl" />
    <None Include="lib\glm\gtx\color_space.inl" />
    <None Include="lib\glm\gtx\color_space_YCoCg.inl" />
    <None Include="lib\glm\gtx\common.inl" />
    <None Include="lib\glm\gtx\compatibility.inl" />
    <None Include="lib\glm\gtx\component_wise.inl" />
    <None Include="lib\glm\gtx\dual_quaternion.inl" />
    <None Include="lib\glm\gtx\easing.inl" />
    <None Include="lib\glm\gtx\euler_angles.inl" />
    <None Include="lib\glm\gtx\extend.inl" />
    <None Include="lib\glm\gtx\extended_min_max.inl" />
    <None Include="lib\glm\gtx\exterior_product.inl" />
    <None Include="lib\glm\gtx\fast_exponential.inl" />
    <None Include="lib\glm\gtx\fast_square_root.inl" />
    <None Include="lib\glm\gtx\fast_trigonometry.inl" />
    <None Include="lib\glm\gtx\float_notmalize.inl" />
    <None Include="lib\glm\gtx\functions.inl" />
    <None Include="lib\glm\gtx\gradient_paint.inl" />
    <None Include="lib\glm\gtx\handed_coordinate_space.inl" />
    <None Include="lib\glm\gtx\hash.inl" />
    <None Include="lib\glm\gtx\integer.inl" />
    <None Include="lib\glm\gtx\intersect.inl" />
    <None Include="lib\glm\gtx\io.inl" />
    <None Include="lib\glm\gtx\log_base.inl" />
    <None Include="lib\glm\gtx\matrix_cross_product.inl" />
    <None Include="lib\glm\gtx\matrix_decompose.inl" />
    <None Include="lib\glm\gtx\matrix_factorisation.inl" />
    <None Include="lib\glm\gtx\matrix_interpolation.inl" />
    <None Include="lib\glm\gtx\matrix_major_storage.inl" />
    <None Include="lib\glm\gtx\matrix_operation.inl" />
    <None Include="lib\glm\gtx\matrix_query.inl" />
    <None Include="lib\glm\gtx\matrix_transform_2d.inl" />
    <None Include="lib\glm\gtx\mixed_product.inl" />
    <None Include="lib\glm\gtx\norm.inl" />
    <None Include="lib\glm\gtx\normal.inl" />
    <None Include="lib\glm\gtx\normalize_dot.inl" />
    <None Include="lib\glm\gtx\optimum_pow.inl" />
    <None Include="lib\glm\gtx\orthonormalize.inl" />
    <None Include="lib\glm\gtx\pca.inl" />
    <None Include="lib\glm\gtx\perpendicular.inl" />
    <None Include="lib\glm\gtx\polar_coordinates.inl" />
    <None Include="lib\glm\gtx\projection.inl" />
    <None Include="lib\glm\gtx\quaternion.inl" />
    <None Include="lib\glm\gtx\raw_data.inl" />
    <None Include="lib\glm\gtx\rotate_normalized_axis.inl" />
    <None Include="lib\glm\gtx\rotate_vector.inl" />
    <None Include="lib\glm\gtx\scalar_relational.inl" />
    <None Include="lib\glm\gtx\spline.inl" />
    <None Include="lib\glm\gtx\std_based_type.inl" />
    <None Include="lib\glm\gtx\string_cast.inl" />
    <None Include="lib\glm\gtx\texture.inl" />
    <None Include="lib\glm\gtx\transform.inl" />
    <None Include="lib\glm\gtx\transform2.inl" />
    <None Include="lib\glm\gtx\type_aligned.inl" />
    <None Include="lib\glm\gtx\type_trait.inl" />
    <None Include="lib\glm\gtx\vector_angle.inl" />
    <None Include="lib\glm\gtx\vector_query.inl" />
    <None Include="lib\glm\gtx\wrap.inl" />
    <None Include="Shaders\fragment_shader.glsl" />
    <None Include="Shaders\vertex_shader.glsl" />
  </ItemGroup>
</Project>